
Microsoft Visual Studio Solution File, Format Version 12.00
Project("{FAE04EC0-301F-11D3-BF4B-00C04F79EFBC}") = "IntegraBrasil", "IntegraBrasil\IntegraBrasil.csproj", "{B9A308BC-1C92-4F9B-B001-FBA08C13155B}"
EndProject
Project("{FAE04EC0-301F-11D3-BF4B-00C04F79EFBC}") = "IntegraBrasil.Core", "IntegraBrasil.Core\IntegraBrasil.Core.csproj", "{C6198A2D-567D-492E-B68E-10208828557C}"
EndProject
Project("{FAE04EC0-301F-11D3-BF4B-00C04F79EFBC}") = "IntegraBrasil.Shared", "IntegraBrasil.Shared\IntegraBrasil.Shared.csproj", "{BE780275-4139-4461-B754-55CB7BF27A10}"
EndProject
Project("{FAE04EC0-301F-11D3-BF4B-00C04F79EFBC}") = "IntegraBrasil.Data", "IntegraBrasil.Data\IntegraBrasil.Data.csproj", "{4A611344-08FE-448D-880A-E3E4DFDA7D0B}"
EndProject
Global
	GlobalSection(SolutionConfigurationPlatforms) = preSolution
		Debug|Any CPU = Debug|Any CPU
		Release|Any CPU = Release|Any CPU
	EndGlobalSection
	GlobalSection(ProjectConfigurationPlatforms) = postSolution
		{B9A308BC-1C92-4F9B-B001-FBA08C13155B}.Debug|Any CPU.ActiveCfg = Debug|Any CPU
		{B9A308BC-1C92-4F9B-B001-FBA08C13155B}.Debug|Any CPU.Build.0 = Debug|Any CPU
		{B9A308BC-1C92-4F9B-B001-FBA08C13155B}.Release|Any CPU.ActiveCfg = Release|Any CPU
		{B9A308BC-1C92-4F9B-B001-FBA08C13155B}.Release|Any CPU.Build.0 = Release|Any CPU
		{C6198A2D-567D-492E-B68E-10208828557C}.Debug|Any CPU.ActiveCfg = Debug|Any CPU
		{C6198A2D-567D-492E-B68E-10208828557C}.Debug|Any CPU.Build.0 = Debug|Any CPU
		{C6198A2D-567D-492E-B68E-10208828557C}.Release|Any CPU.ActiveCfg = Release|Any CPU
		{C6198A2D-567D-492E-B68E-10208828557C}.Release|Any CPU.Build.0 = Release|Any CPU
		{BE780275-4139-4461-B754-55CB7BF27A10}.Debug|Any CPU.ActiveCfg = Debug|Any CPU
		{BE780275-4139-4461-B754-55CB7BF27A10}.Debug|Any CPU.Build.0 = Debug|Any CPU
		{BE780275-4139-4461-B754-55CB7BF27A10}.Release|Any CPU.ActiveCfg = Release|Any CPU
		{BE780275-4139-4461-B754-55CB7BF27A10}.Release|Any CPU.Build.0 = Release|Any CPU
		{4A611344-08FE-448D-880A-E3E4DFDA7D0B}.Debug|Any CPU.ActiveCfg = Debug|Any CPU
		{4A611344-08FE-448D-880A-E3E4DFDA7D0B}.Debug|Any CPU.Build.0 = Debug|Any CPU
		{4A611344-08FE-448D-880A-E3E4DFDA7D0B}.Release|Any CPU.ActiveCfg = Release|Any CPU
		{4A611344-08FE-448D-880A-E3E4DFDA7D0B}.Release|Any CPU.Build.0 = Release|Any CPU
	EndGlobalSection
EndGlobal
